
Microsoft Visual Studio Solution File, Format Version 12.00
# Visual Studio Version 16
VisualStudioVersion = 16.0.29318.209
MinimumVisualStudioVersion = 10.0.40219.1
Project("{FAE04EC0-301F-11D3-BF4B-00C04F79EFBC}") = "DataGridExamplePhCorner", "DataGridExamplePhCorner\DataGridExamplePhCorner.csproj", "{E88BE00C-7FDA-48B8-A95E-567EEEB40B1A}"
EndProject
Global
	GlobalSection(SolutionConfigurationPlatforms) = preSolution
		Debug|Any CPU = Debug|Any CPU
		Release|Any CPU = Release|Any CPU
	EndGlobalSection
	GlobalSection(ProjectConfigurationPlatforms) = postSolution
		{E88BE00C-7FDA-48B8-A95E-567EEEB40B1A}.Debug|Any CPU.ActiveCfg = Debug|Any CPU
		{E88BE00C-7FDA-48B8-A95E-567EEEB40B1A}.Debug|Any CPU.Build.0 = Debug|Any CPU
		{E88BE00C-7FDA-48B8-A95E-567EEEB40B1A}.Release|Any CPU.ActiveCfg = Release|Any CPU
		{E88BE00C-7FDA-48B8-A95E-567EEEB40B1A}.Release|Any CPU.Build.0 = Release|Any CPU
	EndGlobalSection
	GlobalSection(SolutionProperties) = preSolution
		HideSolutionNode = FALSE
	EndGlobalSection
	GlobalSection(ExtensibilityGlobals) = postSolution
		SolutionGuid = {8D17C286-EEBF-41ED-BE5A-7F04A000755F}
	EndGlobalSection
EndGlobal
